
Microsoft Visual Studio Solution File, Format Version 12.00
# Visual Studio 2017
Project("{FAE04EC0-301F-11D3-BF4B-00C04F79EFBC}") = "卤蛋传奇", "卤蛋传奇.csproj", "{93FE6A95-CB29-60E3-DA25-6802272A234B}"
EndProject
Project("{FAE04EC0-301F-11D3-BF4B-00C04F79EFBC}") = "卤蛋传奇.Editor", "卤蛋传奇.Editor.csproj", "{89FDC0DA-F328-D7E4-3C5C-01E8A0FF2C22}"
EndProject
Global
	GlobalSection(SolutionConfigurationPlatforms) = preSolution
		Debug|Any CPU = Debug|Any CPU
		Release|Any CPU = Release|Any CPU
	EndGlobalSection
	GlobalSection(ProjectConfigurationPlatforms) = postSolution
		{93FE6A95-CB29-60E3-DA25-6802272A234B}.Debug|Any CPU.ActiveCfg = Debug|Any CPU
		{93FE6A95-CB29-60E3-DA25-6802272A234B}.Debug|Any CPU.Build.0 = Debug|Any CPU
		{93FE6A95-CB29-60E3-DA25-6802272A234B}.Release|Any CPU.ActiveCfg = Release|Any CPU
		{93FE6A95-CB29-60E3-DA25-6802272A234B}.Release|Any CPU.Build.0 = Release|Any CPU
		{89FDC0DA-F328-D7E4-3C5C-01E8A0FF2C22}.Debug|Any CPU.ActiveCfg = Debug|Any CPU
		{89FDC0DA-F328-D7E4-3C5C-01E8A0FF2C22}.Debug|Any CPU.Build.0 = Debug|Any CPU
		{89FDC0DA-F328-D7E4-3C5C-01E8A0FF2C22}.Release|Any CPU.ActiveCfg = Release|Any CPU
		{89FDC0DA-F328-D7E4-3C5C-01E8A0FF2C22}.Release|Any CPU.Build.0 = Release|Any CPU
	EndGlobalSection
	GlobalSection(SolutionProperties) = preSolution
		HideSolutionNode = FALSE
	EndGlobalSection
EndGlobal
